// !$*UTF8*$!
{
	archiveVersion = 1;
	classes = {
	};
	objectVersion = 51;
	objects = {

/* Begin PBXBuildFile section */
		03A6C404B76B4C2A3CA3E70F /* Pods_VideoPlayer_VideoPlayerUITests.framework in Frameworks */ = {isa = PBXBuildFile; fileRef = C3C077D05D45D9A2410FC262 /* Pods_VideoPlayer_VideoPlayerUITests.framework */; };
		50EC717349ADCCCFD42EBC14 /* Pods_VideoPlayer.framework in Frameworks */ = {isa = PBXBuildFile; fileRef = 0399AD04DFB025B20D69EC1E /* Pods_VideoPlayer.framework */; };
		63CEBD47CEE6C827CC06D3F3 /* Pods_VideoPlayerTests.framework in Frameworks */ = {isa = PBXBuildFile; fileRef = 056C18ABADAD073A6F9FCC53 /* Pods_VideoPlayerTests.framework */; };
		C38E389725AF169100D8660A /* Model.swift in Sources */ = {isa = PBXBuildFile; fileRef = C38E389625AF169100D8660A /* Model.swift */; };
		C3E68D3225AECE2A00EA084F /* AppDelegate.swift in Sources */ = {isa = PBXBuildFile; fileRef = C3E68D3125AECE2A00EA084F /* AppDelegate.swift */; };
		C3E68D3425AECE2A00EA084F /* SceneDelegate.swift in Sources */ = {isa = PBXBuildFile; fileRef = C3E68D3325AECE2A00EA084F /* SceneDelegate.swift */; };
		C3E68D3625AECE2A00EA084F /* ContentView.swift in Sources */ = {isa = PBXBuildFile; fileRef = C3E68D3525AECE2A00EA084F /* ContentView.swift */; };
		C3E68D3825AECE2C00EA084F /* Assets.xcassets in Resources */ = {isa = PBXBuildFile; fileRef = C3E68D3725AECE2C00EA084F /* Assets.xcassets */; };
		C3E68D3B25AECE2C00EA084F /* Preview Assets.xcassets in Resources */ = {isa = PBXBuildFile; fileRef = C3E68D3A25AECE2C00EA084F /* Preview Assets.xcassets */; };
		C3E68D3E25AECE2C00EA084F /* LaunchScreen.storyboard in Resources */ = {isa = PBXBuildFile; fileRef = C3E68D3C25AECE2C00EA084F /* LaunchScreen.storyboard */; };
		C3E68D4925AECE2D00EA084F /* VideoPlayerTests.swift in Sources */ = {isa = PBXBuildFile; fileRef = C3E68D4825AECE2D00EA084F /* VideoPlayerTests.swift */; };
		C3E68D5425AECE2D00EA084F /* VideoPlayerUITests.swift in Sources */ = {isa = PBXBuildFile; fileRef = C3E68D5325AECE2D00EA084F /* VideoPlayerUITests.swift */; };
/* End PBXBuildFile section */

/* Begin PBXContainerItemProxy section */
		C3E68D4525AECE2D00EA084F /* PBXContainerItemProxy */ = {
			isa = PBXContainerItemProxy;
			containerPortal = C3E68D2625AECE2A00EA084F /* Project object */;
			proxyType = 1;
			remoteGlobalIDString = C3E68D2D25AECE2A00EA084F;
			remoteInfo = VideoPlayer;
		};
		C3E68D5025AECE2D00EA084F /* PBXContainerItemProxy */ = {
			isa = PBXContainerItemProxy;
			containerPortal = C3E68D2625AECE2A00EA084F /* Project object */;
			proxyType = 1;
			remoteGlobalIDString = C3E68D2D25AECE2A00EA084F;
			remoteInfo = VideoPlayer;
		};
/* End PBXContainerItemProxy section */

/* Begin PBXFileReference section */
		0399AD04DFB025B20D69EC1E /* Pods_VideoPlayer.framework */ = {isa = PBXFileReference; explicitFileType = wrapper.framework; includeInIndex = 0; path = Pods_VideoPlayer.framework; sourceTree = BUILT_PRODUCTS_DIR; };
		056C18ABADAD073A6F9FCC53 /* Pods_VideoPlayerTests.framework */ = {isa = PBXFileReference; explicitFileType = wrapper.framework; includeInIndex = 0; path = Pods_VideoPlayerTests.framework; sourceTree = BUILT_PRODUCTS_DIR; };
		1C28856254C63708D9909959 /* Pods-VideoPlayerTests.debug.xcconfig */ = {isa = PBXFileReference; includeInIndex = 1; lastKnownFileType = text.xcconfig; name = "Pods-VideoPlayerTests.debug.xcconfig"; path = "Target Support Files/Pods-VideoPlayerTests/Pods-VideoPlayerTests.debug.xcconfig"; sourceTree = "<group>"; };
		3D50CB2F373D7EFBC17A7710 /* Pods-VideoPlayer.debug.xcconfig */ = {isa = PBXFileReference; includeInIndex = 1; lastKnownFileType = text.xcconfig; name = "Pods-VideoPlayer.debug.xcconfig"; path = "Target Support Files/Pods-VideoPlayer/Pods-VideoPlayer.debug.xcconfig"; sourceTree = "<group>"; };
		5B394F82F0F2611FD84F8AE5 /* Pods-VideoPlayer-VideoPlayerUITests.release.xcconfig */ = {isa = PBXFileReference; includeInIndex = 1; lastKnownFileType = text.xcconfig; name = "Pods-VideoPlayer-VideoPlayerUITests.release.xcconfig"; path = "Target Support Files/Pods-VideoPlayer-VideoPlayerUITests/Pods-VideoPlayer-VideoPlayerUITests.release.xcconfig"; sourceTree = "<group>"; };
		8EA59B92503D8F9F87448DB0 /* Pods-VideoPlayer-VideoPlayerUITests.debug.xcconfig */ = {isa = PBXFileReference; includeInIndex = 1; lastKnownFileType = text.xcconfig; name = "Pods-VideoPlayer-VideoPlayerUITests.debug.xcconfig"; path = "Target Support Files/Pods-VideoPlayer-VideoPlayerUITests/Pods-VideoPlayer-VideoPlayerUITests.debug.xcconfig"; sourceTree = "<group>"; };
		9012F8CCC4A2640B5E38F566 /* Pods-VideoPlayer.release.xcconfig */ = {isa = PBXFileReference; includeInIndex = 1; lastKnownFileType = text.xcconfig; name = "Pods-VideoPlayer.release.xcconfig"; path = "Target Support Files/Pods-VideoPlayer/Pods-VideoPlayer.release.xcconfig"; sourceTree = "<group>"; };
		9FE69D8E0B1BE809D976D146 /* Pods-VideoPlayerTests.release.xcconfig */ = {isa = PBXFileReference; includeInIndex = 1; lastKnownFileType = text.xcconfig; name = "Pods-VideoPlayerTests.release.xcconfig"; path = "Target Support Files/Pods-VideoPlayerTests/Pods-VideoPlayerTests.release.xcconfig"; sourceTree = "<group>"; };
		C38E389625AF169100D8660A /* Model.swift */ = {isa = PBXFileReference; lastKnownFileType = sourcecode.swift; path = Model.swift; sourceTree = "<group>"; };
		C3C077D05D45D9A2410FC262 /* Pods_VideoPlayer_VideoPlayerUITests.framework */ = {isa = PBXFileReference; explicitFileType = wrapper.framework; includeInIndex = 0; path = Pods_VideoPlayer_VideoPlayerUITests.framework; sourceTree = BUILT_PRODUCTS_DIR; };
		C3E68D2E25AECE2A00EA084F /* VideoPlayer.app */ = {isa = PBXFileReference; explicitFileType = wrapper.application; includeInIndex = 0; path = VideoPlayer.app; sourceTree = BUILT_PRODUCTS_DIR; };
		C3E68D3125AECE2A00EA084F /* AppDelegate.swift */ = {isa = PBXFileReference; lastKnownFileType = sourcecode.swift; path = AppDelegate.swift; sourceTree = "<group>"; };
		C3E68D3325AECE2A00EA084F /* SceneDelegate.swift */ = {isa = PBXFileReference; lastKnownFileType = sourcecode.swift; path = SceneDelegate.swift; sourceTree = "<group>"; };
		C3E68D3525AECE2A00EA084F /* ContentView.swift */ = {isa = PBXFileReference; lastKnownFileType = sourcecode.swift; path = ContentView.swift; sourceTree = "<group>"; };
		C3E68D3725AECE2C00EA084F /* Assets.xcassets */ = {isa = PBXFileReference; lastKnownFileType = folder.assetcatalog; path = Assets.xcassets; sourceTree = "<group>"; };
		C3E68D3A25AECE2C00EA084F /* Preview Assets.xcassets */ = {isa = PBXFileReference; lastKnownFileType = folder.assetcatalog; path = "Preview Assets.xcassets"; sourceTree = "<group>"; };
		C3E68D3D25AECE2C00EA084F /* Base */ = {isa = PBXFileReference; lastKnownFileType = file.storyboard; name = Base; path = Base.lproj/LaunchScreen.storyboard; sourceTree = "<group>"; };
		C3E68D3F25AECE2C00EA084F /* Info.plist */ = {isa = PBXFileReference; lastKnownFileType = text.plist.xml; path = Info.plist; sourceTree = "<group>"; };
		C3E68D4425AECE2D00EA084F /* VideoPlayerTests.xctest */ = {isa = PBXFileReference; explicitFileType = wrapper.cfbundle; includeInIndex = 0; path = VideoPlayerTests.xctest; sourceTree = BUILT_PRODUCTS_DIR; };
		C3E68D4825AECE2D00EA084F /* VideoPlayerTests.swift */ = {isa = PBXFileReference; lastKnownFileType = sourcecode.swift; path = VideoPlayerTests.swift; sourceTree = "<group>"; };
		C3E68D4A25AECE2D00EA084F /* Info.plist */ = {isa = PBXFileReference; lastKnownFileType = text.plist.xml; path = Info.plist; sourceTree = "<group>"; };
		C3E68D4F25AECE2D00EA084F /* VideoPlayerUITests.xctest */ = {isa = PBXFileReference; explicitFileType = wrapper.cfbundle; includeInIndex = 0; path = VideoPlayerUITests.xctest; sourceTree = BUILT_PRODUCTS_DIR; };
		C3E68D5325AECE2D00EA084F /* VideoPlayerUITests.swift */ = {isa = PBXFileReference; lastKnownFileType = sourcecode.swift; path = VideoPlayerUITests.swift; sourceTree = "<group>"; };
		C3E68D5525AECE2D00EA084F /* Info.plist */ = {isa = PBXFileReference; lastKnownFileType = text.plist.xml; path = Info.plist; sourceTree = "<group>"; };
/* End PBXFileReference section */

/* Begin PBXFrameworksBuildPhase section */
		C3E68D2B25AECE2A00EA084F /* Frameworks */ = {
			isa = PBXFrameworksBuildPhase;
			buildActionMask = 2147483647;
			files = (
				50EC717349ADCCCFD42EBC14 /* Pods_VideoPlayer.framework in Frameworks */,
			);
			runOnlyForDeploymentPostprocessing = 0;
		};
		C3E68D4125AECE2D00EA084F /* Frameworks */ = {
			isa = PBXFrameworksBuildPhase;
			buildActionMask = 2147483647;
			files = (
				63CEBD47CEE6C827CC06D3F3 /* Pods_VideoPlayerTests.framework in Frameworks */,
			);
			runOnlyForDeploymentPostprocessing = 0;
		};
		C3E68D4C25AECE2D00EA084F /* Frameworks */ = {
			isa = PBXFrameworksBuildPhase;
			buildActionMask = 2147483647;
			files = (
				03A6C404B76B4C2A3CA3E70F /* Pods_VideoPlayer_VideoPlayerUITests.framework in Frameworks */,
			);
			runOnlyForDeploymentPostprocessing = 0;
		};
/* End PBXFrameworksBuildPhase section */

/* Begin PBXGroup section */
		C3E68D2525AECE2A00EA084F = {
			isa = PBXGroup;
			children = (
				C3E68D3025AECE2A00EA084F /* VideoPlayer */,
				C3E68D4725AECE2D00EA084F /* VideoPlayerTests */,
				C3E68D5225AECE2D00EA084F /* VideoPlayerUITests */,
				C3E68D2F25AECE2A00EA084F /* Products */,
				DFF8E10544025E4517D60548 /* Pods */,
				E732E0D314C7B3F7E30A43C8 /* Frameworks */,
			);
			sourceTree = "<group>";
		};
		C3E68D2F25AECE2A00EA084F /* Products */ = {
			isa = PBXGroup;
			children = (
				C3E68D2E25AECE2A00EA084F /* VideoPlayer.app */,
				C3E68D4425AECE2D00EA084F /* VideoPlayerTests.xctest */,
				C3E68D4F25AECE2D00EA084F /* VideoPlayerUITests.xctest */,
			);
			name = Products;
			sourceTree = "<group>";
		};
		C3E68D3025AECE2A00EA084F /* VideoPlayer */ = {
			isa = PBXGroup;
			children = (
				C3E68D3125AECE2A00EA084F /* AppDelegate.swift */,
				C3E68D3325AECE2A00EA084F /* SceneDelegate.swift */,
				C38E389625AF169100D8660A /* Model.swift */,
				C3E68D3525AECE2A00EA084F /* ContentView.swift */,
				C3E68D3725AECE2C00EA084F /* Assets.xcassets */,
				C3E68D3C25AECE2C00EA084F /* LaunchScreen.storyboard */,
				C3E68D3F25AECE2C00EA084F /* Info.plist */,
				C3E68D3925AECE2C00EA084F /* Preview Content */,
			);
			path = VideoPlayer;
			sourceTree = "<group>";
		};
		C3E68D3925AECE2C00EA084F /* Preview Content */ = {
			isa = PBXGroup;
			children = (
				C3E68D3A25AECE2C00EA084F /* Preview Assets.xcassets */,
			);
			path = "Preview Content";
			sourceTree = "<group>";
		};
		C3E68D4725AECE2D00EA084F /* VideoPlayerTests */ = {
			isa = PBXGroup;
			children = (
				C3E68D4825AECE2D00EA084F /* VideoPlayerTests.swift */,
				C3E68D4A25AECE2D00EA084F /* Info.plist */,
			);
			path = VideoPlayerTests;
			sourceTree = "<group>";
		};
		C3E68D5225AECE2D00EA084F /* VideoPlayerUITests */ = {
			isa = PBXGroup;
			children = (
				C3E68D5325AECE2D00EA084F /* VideoPlayerUITests.swift */,
				C3E68D5525AECE2D00EA084F /* Info.plist */,
			);
			path = VideoPlayerUITests;
			sourceTree = "<group>";
		};
		DFF8E10544025E4517D60548 /* Pods */ = {
			isa = PBXGroup;
			children = (
				3D50CB2F373D7EFBC17A7710 /* Pods-VideoPlayer.debug.xcconfig */,
				9012F8CCC4A2640B5E38F566 /* Pods-VideoPlayer.release.xcconfig */,
				8EA59B92503D8F9F87448DB0 /* Pods-VideoPlayer-VideoPlayerUITests.debug.xcconfig */,
				5B394F82F0F2611FD84F8AE5 /* Pods-VideoPlayer-VideoPlayerUITests.release.xcconfig */,
				1C28856254C63708D9909959 /* Pods-VideoPlayerTests.debug.xcconfig */,
				9FE69D8E0B1BE809D976D146 /* Pods-VideoPlayerTests.release.xcconfig */,
			);
			path = Pods;
			sourceTree = "<group>";
		};
		E732E0D314C7B3F7E30A43C8 /* Frameworks */ = {
			isa = PBXGroup;
			children = (
				0399AD04DFB025B20D69EC1E /* Pods_VideoPlayer.framework */,
				C3C077D05D45D9A2410FC262 /* Pods_VideoPlayer_VideoPlayerUITests.framework */,
				056C18ABADAD073A6F9FCC53 /* Pods_VideoPlayerTests.framework */,
			);
			name = Frameworks;
			sourceTree = "<group>";
		};
/* End PBXGroup section */

/* Begin PBXNativeTarget section */
		C3E68D2D25AECE2A00EA084F /* VideoPlayer */ = {
			isa = PBXNativeTarget;
			buildConfigurationList = C3E68D5825AECE2D00EA084F /* Build configuration list for PBXNativeTarget "VideoPlayer" */;
			buildPhases = (
				CABCEB7B41DF2C434DE54F05 /* [CP] Check Pods Manifest.lock */,
				C3E68D2A25AECE2A00EA084F /* Sources */,
				C3E68D2B25AECE2A00EA084F /* Frameworks */,
				C3E68D2C25AECE2A00EA084F /* Resources */,
				368CD617584B12A0A616C413 /* [CP] Embed Pods Frameworks */,
			);
			buildRules = (
			);
			dependencies = (
			);
			name = VideoPlayer;
			productName = VideoPlayer;
			productReference = C3E68D2E25AECE2A00EA084F /* VideoPlayer.app */;
			productType = "com.apple.product-type.application";
		};
		C3E68D4325AECE2D00EA084F /* VideoPlayerTests */ = {
			isa = PBXNativeTarget;
			buildConfigurationList = C3E68D5B25AECE2D00EA084F /* Build configuration list for PBXNativeTarget "VideoPlayerTests" */;
			buildPhases = (
				D7B7AB8D0C92C13F642AB566 /* [CP] Check Pods Manifest.lock */,
				C3E68D4025AECE2D00EA084F /* Sources */,
				C3E68D4125AECE2D00EA084F /* Frameworks */,
				C3E68D4225AECE2D00EA084F /* Resources */,
			);
			buildRules = (
			);
			dependencies = (
				C3E68D4625AECE2D00EA084F /* PBXTargetDependency */,
			);
			name = VideoPlayerTests;
			productName = VideoPlayerTests;
			productReference = C3E68D4425AECE2D00EA084F /* VideoPlayerTests.xctest */;
			productType = "com.apple.product-type.bundle.unit-test";
		};
		C3E68D4E25AECE2D00EA084F /* VideoPlayerUITests */ = {
			isa = PBXNativeTarget;
			buildConfigurationList = C3E68D5E25AECE2D00EA084F /* Build configuration list for PBXNativeTarget "VideoPlayerUITests" */;
			buildPhases = (
				1378C29EC943CE49985CA267 /* [CP] Check Pods Manifest.lock */,
				C3E68D4B25AECE2D00EA084F /* Sources */,
				C3E68D4C25AECE2D00EA084F /* Frameworks */,
				C3E68D4D25AECE2D00EA084F /* Resources */,
				4882648893C041CA5925357D /* [CP] Embed Pods Frameworks */,
			);
			buildRules = (
			);
			dependencies = (
				C3E68D5125AECE2D00EA084F /* PBXTargetDependency */,
			);
			name = VideoPlayerUITests;
			productName = VideoPlayerUITests;
			productReference = C3E68D4F25AECE2D00EA084F /* VideoPlayerUITests.xctest */;
			productType = "com.apple.product-type.bundle.ui-testing";
		};
/* End PBXNativeTarget section */

/* Begin PBXProject section */
		C3E68D2625AECE2A00EA084F /* Project object */ = {
			isa = PBXProject;
			attributes = {
				LastSwiftUpdateCheck = 1230;
				LastUpgradeCheck = 1230;
				TargetAttributes = {
					C3E68D2D25AECE2A00EA084F = {
						CreatedOnToolsVersion = 12.3;
					};
					C3E68D4325AECE2D00EA084F = {
						CreatedOnToolsVersion = 12.3;
						TestTargetID = C3E68D2D25AECE2A00EA084F;
					};
					C3E68D4E25AECE2D00EA084F = {
						CreatedOnToolsVersion = 12.3;
						TestTargetID = C3E68D2D25AECE2A00EA084F;
					};
				};
			};
			buildConfigurationList = C3E68D2925AECE2A00EA084F /* Build configuration list for PBXProject "VideoPlayer" */;
			compatibilityVersion = "Xcode 9.3";
			developmentRegion = en;
			hasScannedForEncodings = 0;
			knownRegions = (
				en,
				Base,
			);
			mainGroup = C3E68D2525AECE2A00EA084F;
			productRefGroup = C3E68D2F25AECE2A00EA084F /* Products */;
			projectDirPath = "";
			projectRoot = "";
			targets = (
				C3E68D2D25AECE2A00EA084F /* VideoPlayer */,
				C3E68D4325AECE2D00EA084F /* VideoPlayerTests */,
				C3E68D4E25AECE2D00EA084F /* VideoPlayerUITests */,
			);
		};
/* End PBXProject section */

/* Begin PBXResourcesBuildPhase section */
		C3E68D2C25AECE2A00EA084F /* Resources */ = {
			isa = PBXResourcesBuildPhase;
			buildActionMask = 2147483647;
			files = (
				C3E68D3E25AECE2C00EA084F /* LaunchScreen.storyboard in Resources */,
				C3E68D3B25AECE2C00EA084F /* Preview Assets.xcassets in Resources */,
				C3E68D3825AECE2C00EA084F /* Assets.xcassets in Resources */,
			);
			runOnlyForDeploymentPostprocessing = 0;
		};
		C3E68D4225AECE2D00EA084F /* Resources */ = {
			isa = PBXResourcesBuildPhase;
			buildActionMask = 2147483647;
			files = (
			);
			runOnlyForDeploymentPostprocessing = 0;
		};
		C3E68D4D25AECE2D00EA084F /* Resources */ = {
			isa = PBXResourcesBuildPhase;
			buildActionMask = 2147483647;
			files = (
			);
			runOnlyForDeploymentPostprocessing = 0;
		};
/* End PBXResourcesBuildPhase section */

/* Begin PBXShellScriptBuildPhase section */
		1378C29EC943CE49985CA267 /* [CP] Check Pods Manifest.lock */ = {
			isa = PBXShellScriptBuildPhase;
			buildActionMask = 2147483647;
			files = (
			);
			inputFileListPaths = (
			);
			inputPaths = (
				"${PODS_PODFILE_DIR_PATH}/Podfile.lock",
				"${PODS_ROOT}/Manifest.lock",
			);
			name = "[CP] Check Pods Manifest.lock";
			outputFileListPaths = (
			);
			outputPaths = (
				"$(DERIVED_FILE_DIR)/Pods-VideoPlayer-VideoPlayerUITests-checkManifestLockResult.txt",
			);
			runOnlyForDeploymentPostprocessing = 0;
			shellPath = /bin/sh;
			shellScript = "diff \"${PODS_PODFILE_DIR_PATH}/Podfile.lock\" \"${PODS_ROOT}/Manifest.lock\" > /dev/null\nif [ $? != 0 ] ; then\n    # print error to STDERR\n    echo \"error: The sandbox is not in sync with the Podfile.lock. Run 'pod install' or update your CocoaPods installation.\" >&2\n    exit 1\nfi\n# This output is used by Xcode 'outputs' to avoid re-running this script phase.\necho \"SUCCESS\" > \"${SCRIPT_OUTPUT_FILE_0}\"\n";
			showEnvVarsInLog = 0;
		};
		368CD617584B12A0A616C413 /* [CP] Embed Pods Frameworks */ = {
			isa = PBXShellScriptBuildPhase;
			buildActionMask = 2147483647;
			files = (
			);
			inputFileListPaths = (
				"${PODS_ROOT}/Target Support Files/Pods-VideoPlayer/Pods-VideoPlayer-frameworks-${CONFIGURATION}-input-files.xcfilelist",
			);
			name = "[CP] Embed Pods Frameworks";
			outputFileListPaths = (
				"${PODS_ROOT}/Target Support Files/Pods-VideoPlayer/Pods-VideoPlayer-frameworks-${CONFIGURATION}-output-files.xcfilelist",
			);
			runOnlyForDeploymentPostprocessing = 0;
			shellPath = /bin/sh;
			shellScript = "\"${PODS_ROOT}/Target Support Files/Pods-VideoPlayer/Pods-VideoPlayer-frameworks.sh\"\n";
			showEnvVarsInLog = 0;
		};
		4882648893C041CA5925357D /* [CP] Embed Pods Frameworks */ = {
			isa = PBXShellScriptBuildPhase;
			buildActionMask = 2147483647;
			files = (
			);
			inputFileListPaths = (
				"${PODS_ROOT}/Target Support Files/Pods-VideoPlayer-VideoPlayerUITests/Pods-VideoPlayer-VideoPlayerUITests-frameworks-${CONFIGURATION}-input-files.xcfilelist",
			);
			name = "[CP] Embed Pods Frameworks";
			outputFileListPaths = (
				"${PODS_ROOT}/Target Support Files/Pods-VideoPlayer-VideoPlayerUITests/Pods-VideoPlayer-VideoPlayerUITests-frameworks-${CONFIGURATION}-output-files.xcfilelist",
			);
			runOnlyForDeploymentPostprocessing = 0;
			shellPath = /bin/sh;
			shellScript = "\"${PODS_ROOT}/Target Support Files/Pods-VideoPlayer-VideoPlayerUITests/Pods-VideoPlayer-VideoPlayerUITests-frameworks.sh\"\n";
			showEnvVarsInLog = 0;
		};
		CABCEB7B41DF2C434DE54F05 /* [CP] Check Pods Manifest.lock */ = {
			isa = PBXShellScriptBuildPhase;
			buildActionMask = 2147483647;
			files = (
			);
			inputFileListPaths = (
			);
			inputPaths = (
				"${PODS_PODFILE_DIR_PATH}/Podfile.lock",
				"${PODS_ROOT}/Manifest.lock",
			);
			name = "[CP] Check Pods Manifest.lock";
			outputFileListPaths = (
			);
			outputPaths = (
				"$(DERIVED_FILE_DIR)/Pods-VideoPlayer-checkManifestLockResult.txt",
			);
			runOnlyForDeploymentPostprocessing = 0;
			shellPath = /bin/sh;
			shellScript = "diff \"${PODS_PODFILE_DIR_PATH}/Podfile.lock\" \"${PODS_ROOT}/Manifest.lock\" > /dev/null\nif [ $? != 0 ] ; then\n    # print error to STDERR\n    echo \"error: The sandbox is not in sync with the Podfile.lock. Run 'pod install' or update your CocoaPods installation.\" >&2\n    exit 1\nfi\n# This output is used by Xcode 'outputs' to avoid re-running this script phase.\necho \"SUCCESS\" > \"${SCRIPT_OUTPUT_FILE_0}\"\n";
			showEnvVarsInLog = 0;
		};
		D7B7AB8D0C92C13F642AB566 /* [CP] Check Pods Manifest.lock */ = {
			isa = PBXShellScriptBuildPhase;
			buildActionMask = 2147483647;
			files = (
			);
			inputFileListPaths = (
			);
			inputPaths = (
				"${PODS_PODFILE_DIR_PATH}/Podfile.lock",
				"${PODS_ROOT}/Manifest.lock",
			);
			name = "[CP] Check Pods Manifest.lock";
			outputFileListPaths = (
			);
			outputPaths = (
				"$(DERIVED_FILE_DIR)/Pods-VideoPlayerTests-checkManifestLockResult.txt",
			);
			runOnlyForDeploymentPostprocessing = 0;
			shellPath = /bin/sh;
			shellScript = "diff \"${PODS_PODFILE_DIR_PATH}/Podfile.lock\" \"${PODS_ROOT}/Manifest.lock\" > /dev/null\nif [ $? != 0 ] ; then\n    # print error to STDERR\n    echo \"error: The sandbox is not in sync with the Podfile.lock. Run 'pod install' or update your CocoaPods installation.\" >&2\n    exit 1\nfi\n# This output is used by Xcode 'outputs' to avoid re-running this script phase.\necho \"SUCCESS\" > \"${SCRIPT_OUTPUT_FILE_0}\"\n";
			showEnvVarsInLog = 0;
		};
/* End PBXShellScriptBuildPhase section */

/* Begin PBXSourcesBuildPhase section */
		C3E68D2A25AECE2A00EA084F /* Sources */ = {
			isa = PBXSourcesBuildPhase;
			buildActionMask = 2147483647;
			files = (
				C3E68D3225AECE2A00EA084F /* AppDelegate.swift in Sources */,
				C3E68D3425AECE2A00EA084F /* SceneDelegate.swift in Sources */,
				C3E68D3625AECE2A00EA084F /* ContentView.swift in Sources */,
				C38E389725AF169100D8660A /* Model.swift in Sources */,
			);
			runOnlyForDeploymentPostprocessing = 0;
		};
		C3E68D4025AECE2D00EA084F /* Sources */ = {
			isa = PBXSourcesBuildPhase;
			buildActionMask = 2147483647;
			files = (
				C3E68D4925AECE2D00EA084F /* VideoPlayerTests.swift in Sources */,
			);
			runOnlyForDeploymentPostprocessing = 0;
		};
		C3E68D4B25AECE2D00EA084F /* Sources */ = {
			isa = PBXSourcesBuildPhase;
			buildActionMask = 2147483647;
			files = (
				C3E68D5425AECE2D00EA084F /* VideoPlayerUITests.swift in Sources */,
			);
			runOnlyForDeploymentPostprocessing = 0;
		};
/* End PBXSourcesBuildPhase section */

/* Begin PBXTargetDependency section */
		C3E68D4625AECE2D00EA084F /* PBXTargetDependency */ = {
			isa = PBXTargetDependency;
			target = C3E68D2D25AECE2A00EA084F /* VideoPlayer */;
			targetProxy = C3E68D4525AECE2D00EA084F /* PBXContainerItemProxy */;
		};
		C3E68D5125AECE2D00EA084F /* PBXTargetDependency */ = {
			isa = PBXTargetDependency;
			target = C3E68D2D25AECE2A00EA084F /* VideoPlayer */;
			targetProxy = C3E68D5025AECE2D00EA084F /* PBXContainerItemProxy */;
		};
/* End PBXTargetDependency section */

/* Begin PBXVariantGroup section */
		C3E68D3C25AECE2C00EA084F /* LaunchScreen.storyboard */ = {
			isa = PBXVariantGroup;
			children = (
				C3E68D3D25AECE2C00EA084F /* Base */,
			);
			name = LaunchScreen.storyboard;
			sourceTree = "<group>";
		};
/* End PBXVariantGroup section */

/* Begin XCBuildConfiguration section */
		C3E68D5625AECE2D00EA084F /* Debug */ = {
			isa = XCBuildConfiguration;
			buildSettings = {
				ALWAYS_SEARCH_USER_PATHS = NO;
				CLANG_ANALYZER_NONNULL = YES;
				CLANG_ANALYZER_NUMBER_OBJECT_CONVERSION = YES_AGGRESSIVE;
				CLANG_CXX_LANGUAGE_STANDARD = "gnu++14";
				CLANG_CXX_LIBRARY = "libc++";
				CLANG_ENABLE_MODULES = YES;
				CLANG_ENABLE_OBJC_ARC = YES;
				CLANG_ENABLE_OBJC_WEAK = YES;
				CLANG_WARN_BLOCK_CAPTURE_AUTORELEASING = YES;
				CLANG_WARN_BOOL_CONVERSION = YES;
				CLANG_WARN_COMMA = YES;
				CLANG_WARN_CONSTANT_CONVERSION = YES;
				CLANG_WARN_DEPRECATED_OBJC_IMPLEMENTATIONS = YES;
				CLANG_WARN_DIRECT_OBJC_ISA_USAGE = YES_ERROR;
				CLANG_WARN_DOCUMENTATION_COMMENTS = YES;
				CLANG_WARN_EMPTY_BODY = YES;
				CLANG_WARN_ENUM_CONVERSION = YES;
				CLANG_WARN_INFINITE_RECURSION = YES;
				CLANG_WARN_INT_CONVERSION = YES;
				CLANG_WARN_NON_LITERAL_NULL_CONVERSION = YES;
				CLANG_WARN_OBJC_IMPLICIT_RETAIN_SELF = YES;
				CLANG_WARN_OBJC_LITERAL_CONVERSION = YES;
				CLANG_WARN_OBJC_ROOT_CLASS = YES_ERROR;
				CLANG_WARN_QUOTED_INCLUDE_IN_FRAMEWORK_HEADER = YES;
				CLANG_WARN_RANGE_LOOP_ANALYSIS = YES;
				CLANG_WARN_STRICT_PROTOTYPES = YES;
				CLANG_WARN_SUSPICIOUS_MOVE = YES;
				CLANG_WARN_UNGUARDED_AVAILABILITY = YES_AGGRESSIVE;
				CLANG_WARN_UNREACHABLE_CODE = YES;
				CLANG_WARN__DUPLICATE_METHOD_MATCH = YES;
				COPY_PHASE_STRIP = NO;
				DEBUG_INFORMATION_FORMAT = dwarf;
				ENABLE_STRICT_OBJC_MSGSEND = YES;
				ENABLE_TESTABILITY = YES;
				GCC_C_LANGUAGE_STANDARD = gnu11;
				GCC_DYNAMIC_NO_PIC = NO;
				GCC_NO_COMMON_BLOCKS = YES;
				GCC_OPTIMIZATION_LEVEL = 0;
				GCC_PREPROCESSOR_DEFINITIONS = (
					"DEBUG=1",
					"$(inherited)",
				);
				GCC_WARN_64_TO_32_BIT_CONVERSION = YES;
				GCC_WARN_ABOUT_RETURN_TYPE = YES_ERROR;
				GCC_WARN_UNDECLARED_SELECTOR = YES;
				GCC_WARN_UNINITIALIZED_AUTOS = YES_AGGRESSIVE;
				GCC_WARN_UNUSED_FUNCTION = YES;
				GCC_WARN_UNUSED_VARIABLE = YES;
				IPHONEOS_DEPLOYMENT_TARGET = 14.3;
				MTL_ENABLE_DEBUG_INFO = INCLUDE_SOURCE;
				MTL_FAST_MATH = YES;
				ONLY_ACTIVE_ARCH = YES;
				SDKROOT = iphoneos;
				SWIFT_ACTIVE_COMPILATION_CONDITIONS = DEBUG;
				SWIFT_OPTIMIZATION_LEVEL = "-Onone";
			};
			name = Debug;
		};
		C3E68D5725AECE2D00EA084F /* Release */ = {
			isa = XCBuildConfiguration;
			buildSettings = {
				ALWAYS_SEARCH_USER_PATHS = NO;
				CLANG_ANALYZER_NONNULL = YES;
				CLANG_ANALYZER_NUMBER_OBJECT_CONVERSION = YES_AGGRESSIVE;
				CLANG_CXX_LANGUAGE_STANDARD = "gnu++14";
				CLANG_CXX_LIBRARY = "libc++";
				CLANG_ENABLE_MODULES = YES;
				CLANG_ENABLE_OBJC_ARC = YES;
				CLANG_ENABLE_OBJC_WEAK = YES;
				CLANG_WARN_BLOCK_CAPTURE_AUTORELEASING = YES;
				CLANG_WARN_BOOL_CONVERSION = YES;
				CLANG_WARN_COMMA = YES;
				CLANG_WARN_CONSTANT_CONVERSION = YES;
				CLANG_WARN_DEPRECATED_OBJC_IMPLEMENTATIONS = YES;
				CLANG_WARN_DIRECT_OBJC_ISA_USAGE = YES_ERROR;
				CLANG_WARN_DOCUMENTATION_COMMENTS = YES;
				CLANG_WARN_EMPTY_BODY = YES;
				CLANG_WARN_ENUM_CONVERSION = YES;
				CLANG_WARN_INFINITE_RECURSION = YES;
				CLANG_WARN_INT_CONVERSION = YES;
				CLANG_WARN_NON_LITERAL_NULL_CONVERSION = YES;
				CLANG_WARN_OBJC_IMPLICIT_RETAIN_SELF = YES;
				CLANG_WARN_OBJC_LITERAL_CONVERSION = YES;
				CLANG_WARN_OBJC_ROOT_CLASS = YES_ERROR;
				CLANG_WARN_QUOTED_INCLUDE_IN_FRAMEWORK_HEADER = YES;
				CLANG_WARN_RANGE_LOOP_ANALYSIS = YES;
				CLANG_WARN_STRICT_PROTOTYPES = YES;
				CLANG_WARN_SUSPICIOUS_MOVE = YES;
				CLANG_WARN_UNGUARDED_AVAILABILITY = YES_AGGRESSIVE;
				CLANG_WARN_UNREACHABLE_CODE = YES;
				CLANG_WARN__DUPLICATE_METHOD_MATCH = YES;
				COPY_PHASE_STRIP = NO;
				DEBUG_INFORMATION_FORMAT = "dwarf-with-dsym";
				ENABLE_NS_ASSERTIONS = NO;
				ENABLE_STRICT_OBJC_MSGSEND = YES;
				GCC_C_LANGUAGE_STANDARD = gnu11;
				GCC_NO_COMMON_BLOCKS = YES;
				GCC_WARN_64_TO_32_BIT_CONVERSION = YES;
				GCC_WARN_ABOUT_RETURN_TYPE = YES_ERROR;
				GCC_WARN_UNDECLARED_SELECTOR = YES;
				GCC_WARN_UNINITIALIZED_AUTOS = YES_AGGRESSIVE;
				GCC_WARN_UNUSED_FUNCTION = YES;
				GCC_WARN_UNUSED_VARIABLE = YES;
				IPHONEOS_DEPLOYMENT_TARGET = 14.3;
				MTL_ENABLE_DEBUG_INFO = NO;
				MTL_FAST_MATH = YES;
				SDKROOT = iphoneos;
				SWIFT_COMPILATION_MODE = wholemodule;
				SWIFT_OPTIMIZATION_LEVEL = "-O";
				VALIDATE_PRODUCT = YES;
			};
			name = Release;
		};
		C3E68D5925AECE2D00EA084F /* Debug */ = {
			isa = XCBuildConfiguration;
			baseConfigurationReference = 3D50CB2F373D7EFBC17A7710 /* Pods-VideoPlayer.debug.xcconfig */;
			buildSettings = {
				ASSETCATALOG_COMPILER_APPICON_NAME = AppIcon;
				ASSETCATALOG_COMPILER_GLOBAL_ACCENT_COLOR_NAME = AccentColor;
				CODE_SIGN_STYLE = Automatic;
				DEVELOPMENT_ASSET_PATHS = "\"VideoPlayer/Preview Content\"";
				ENABLE_PREVIEWS = YES;
				INFOPLIST_FILE = VideoPlayer/Info.plist;
				LD_RUNPATH_SEARCH_PATHS = (
					"$(inherited)",
					"@executable_path/Frameworks",
				);
				PRODUCT_BUNDLE_IDENTIFIER = kp11.VideoPlayer;
				PRODUCT_NAME = "$(TARGET_NAME)";
				SWIFT_VERSION = 5.0;
				TARGETED_DEVICE_FAMILY = "1,2";
			};
			name = Debug;
		};
		C3E68D5A25AECE2D00EA084F /* Release */ = {
			isa = XCBuildConfiguration;
			baseConfigurationReference = 9012F8CCC4A2640B5E38F566 /* Pods-VideoPlayer.release.xcconfig */;
			buildSettings = {
				ASSETCATALOG_COMPILER_APPICON_NAME = AppIcon;
				ASSETCATALOG_COMPILER_GLOBAL_ACCENT_COLOR_NAME = AccentColor;
				CODE_SIGN_STYLE = Automatic;
				DEVELOPMENT_ASSET_PATHS = "\"VideoPlayer/Preview Content\"";
				ENABLE_PREVIEWS = YES;
				INFOPLIST_FILE = VideoPlayer/Info.plist;
				LD_RUNPATH_SEARCH_PATHS = (
					"$(inherited)",
					"@executable_path/Frameworks",
				);
				PRODUCT_BUNDLE_IDENTIFIER = kp11.VideoPlayer;
				PRODUCT_NAME = "$(TARGET_NAME)";
				SWIFT_VERSION = 5.0;
				TARGETED_DEVICE_FAMILY = "1,2";
			};
			name = Release;
		};
		C3E68D5C25AECE2D00EA084F /* Debug */ = {
			isa = XCBuildConfiguration;
			baseConfigurationReference = 1C28856254C63708D9909959 /* Pods-VideoPlayerTests.debug.xcconfig */;
			buildSettings = {
				ALWAYS_EMBED_SWIFT_STANDARD_LIBRARIES = YES;
				BUNDLE_LOADER = "$(TEST_HOST)";
				CODE_SIGN_STYLE = Automatic;
				INFOPLIST_FILE = VideoPlayerTests/Info.plist;
				IPHONEOS_DEPLOYMENT_TARGET = 14.3;
				LD_RUNPATH_SEARCH_PATHS = (
					"$(inherited)",
					"@executable_path/Frameworks",
					"@loader_path/Frameworks",
				);
				PRODUCT_BUNDLE_IDENTIFIER = kp11.VideoPlayerTests;
				PRODUCT_NAME = "$(TARGET_NAME)";
				SWIFT_VERSION = 5.0;
				TARGETED_DEVICE_FAMILY = "1,2";
				TEST_HOST = "$(BUILT_PRODUCTS_DIR)/VideoPlayer.app/VideoPlayer";
			};
			name = Debug;
		};
		C3E68D5D25AECE2D00EA084F /* Release */ = {
			isa = XCBuildConfiguration;
			baseConfigurationReference = 9FE69D8E0B1BE809D976D146 /* Pods-VideoPlayerTests.release.xcconfig */;
			buildSettings = {
				ALWAYS_EMBED_SWIFT_STANDARD_LIBRARIES = YES;
				BUNDLE_LOADER = "$(TEST_HOST)";
				CODE_SIGN_STYLE = Automatic;
				INFOPLIST_FILE = VideoPlayerTests/Info.plist;
				IPHONEOS_DEPLOYMENT_TARGET = 14.3;
				LD_RUNPATH_SEARCH_PATHS = (
					"$(inherited)",
					"@executable_path/Frameworks",
					"@loader_path/Frameworks",
				);
				PRODUCT_BUNDLE_IDENTIFIER = kp11.VideoPlayerTests;
				PRODUCT_NAME = "$(TARGET_NAME)";
				SWIFT_VERSION = 5.0;
				TARGETED_DEVICE_FAMILY = "1,2";
				TEST_HOST = "$(BUILT_PRODUCTS_DIR)/VideoPlayer.app/VideoPlayer";
			};
			name = Release;
		};
		C3E68D5F25AECE2D00EA084F /* Debug */ = {
			isa = XCBuildConfiguration;
			baseConfigurationReference = 8EA59B92503D8F9F87448DB0 /* Pods-VideoPlayer-VideoPlayerUITests.debug.xcconfig */;
			buildSettings = {
				ALWAYS_EMBED_SWIFT_STANDARD_LIBRARIES = YES;
				CODE_SIGN_STYLE = Automatic;
				INFOPLIST_FILE = VideoPlayerUITests/Info.plist;
				LD_RUNPATH_SEARCH_PATHS = (
					"$(inherited)",
					"@executable_path/Frameworks",
					"@loader_path/Frameworks",
				);
				PRODUCT_BUNDLE_IDENTIFIER = kp11.VideoPlayerUITests;
				PRODUCT_NAME = "$(TARGET_NAME)";
				SWIFT_VERSION = 5.0;
				TARGETED_DEVICE_FAMILY = "1,2";
				TEST_TARGET_NAME = VideoPlayer;
			};
			name = Debug;
		};
		C3E68D6025AECE2D00EA084F /* Release */ = {
			isa = XCBuildConfiguration;
			baseConfigurationReference = 5B394F82F0F2611FD84F8AE5 /* Pods-VideoPlayer-VideoPlayerUITests.release.xcconfig */;
			buildSettings = {
				ALWAYS_EMBED_SWIFT_STANDARD_LIBRARIES = YES;
				CODE_SIGN_STYLE = Automatic;
				INFOPLIST_FILE = VideoPlayerUITests/Info.plist;
				LD_RUNPATH_SEARCH_PATHS = (
					"$(inherited)",
					"@executable_path/Frameworks",
					"@loader_path/Frameworks",
				);
				PRODUCT_BUNDLE_IDENTIFIER = kp11.VideoPlayerUITests;
				PRODUCT_NAME = "$(TARGET_NAME)";
				SWIFT_VERSION = 5.0;
				TARGETED_DEVICE_FAMILY = "1,2";
				TEST_TARGET_NAME = VideoPlayer;
			};
			name = Release;
		};
/* End XCBuildConfiguration section */

/* Begin XCConfigurationList section */
		C3E68D2925AECE2A00EA084F /* Build configuration list for PBXProject "VideoPlayer" */ = {
			isa = XCConfigurationList;
			buildConfigurations = (
				C3E68D5625AECE2D00EA084F /* Debug */,
				C3E68D5725AECE2D00EA084F /* Release */,
			);
			defaultConfigurationIsVisible = 0;
			defaultConfigurationName = Release;
		};
		C3E68D5825AECE2D00EA084F /* Build configuration list for PBXNativeTarget "VideoPlayer" */ = {
			isa = XCConfigurationList;
			buildConfigurations = (
				C3E68D5925AECE2D00EA084F /* Debug */,
				C3E68D5A25AECE2D00EA084F /* Release */,
			);
			defaultConfigurationIsVisible = 0;
			defaultConfigurationName = Release;
		};
		C3E68D5B25AECE2D00EA084F /* Build configuration list for PBXNativeTarget "VideoPlayerTests" */ = {
			isa = XCConfigurationList;
			buildConfigurations = (
				C3E68D5C25AECE2D00EA084F /* Debug */,
				C3E68D5D25AECE2D00EA084F /* Release */,
			);
			defaultConfigurationIsVisible = 0;
			defaultConfigurationName = Release;
		};
		C3E68D5E25AECE2D00EA084F /* Build configuration list for PBXNativeTarget "VideoPlayerUITests" */ = {
			isa = XCConfigurationList;
			buildConfigurations = (
				C3E68D5F25AECE2D00EA084F /* Debug */,
				C3E68D6025AECE2D00EA084F /* Release */,
			);
			defaultConfigurationIsVisible = 0;
			defaultConfigurationName = Release;
		};
/* End XCConfigurationList section */
	};
	rootObject = C3E68D2625AECE2A00EA084F /* Project object */;
}
